// !$*UTF8*$!
{
	archiveVersion = 1;
	classes = {
	};
	objectVersion = 77;
	objects = {

/* Begin PBXBuildFile section */
		0E3C004D252001FD9A757442 /* JSONTheoLayerStore.swift in Sources */ = {isa = PBXBuildFile; fileRef = 88C3FFBAA5C42F44029C12E4 /* JSONTheoLayerStore.swift */; };
		13FA5D0D68BACCB7EB9F2CE7 /* TargetLabelPolicy.swift in Sources */ = {isa = PBXBuildFile; fileRef = D88E5BAFB7FDE9C156B430C0 /* TargetLabelPolicy.swift */; };
		16642193E70A6B5078EFB9F7 /* OptionHoldHUDController.swift in Sources */ = {isa = PBXBuildFile; fileRef = CB188FD750342ECE5E9FB625 /* OptionHoldHUDController.swift */; };
		1812F9F59DAE5237B3AE36DB /* AppRuntimeAndCommandCenterTests.swift in Sources */ = {isa = PBXBuildFile; fileRef = E7B53C3057E7053F99C0F372 /* AppRuntimeAndCommandCenterTests.swift */; };
		1A2D1D1658AB9CE857DCA79A /* LiveApp.swift in Sources */ = {isa = PBXBuildFile; fileRef = B8E5B9DCF658738AB7452E44 /* LiveApp.swift */; };
		1B76314DCD041755C8D0C141 /* ArpoonStatusItemTemplate.svg in Resources */ = {isa = PBXBuildFile; fileRef = A1790640F3DF20A4E2B1CC22 /* ArpoonStatusItemTemplate.svg */; };
		1F3184FAFE38CE167B1E3C75 /* FocusService.swift in Sources */ = {isa = PBXBuildFile; fileRef = D514ABF921ABA84FFB18328E /* FocusService.swift */; };
		235E80AFBF670A194238F275 /* ArpoonStatusItemTemplate.pdf in Resources */ = {isa = PBXBuildFile; fileRef = 68AEB03F38EF54D9513E4CF5 /* ArpoonStatusItemTemplate.pdf */; };
		274654B2AB61AB8F180E0E02 /* TheoSession.swift in Sources */ = {isa = PBXBuildFile; fileRef = 31B7C62A120A56E064A1F1B5 /* TheoSession.swift */; };
		2A1D9B565730F496589D12BA /* HotkeyConfiguration.swift in Sources */ = {isa = PBXBuildFile; fileRef = FE5A64B1C9DBA2FCC947296B /* HotkeyConfiguration.swift */; };
		2B069C3A43608C4D04062093 /* AppDelegate.swift in Sources */ = {isa = PBXBuildFile; fileRef = E9D68426CD3319B171227149 /* AppDelegate.swift */; };
		2B8F0FFC9A4852FED387EE92 /* TheoModels.swift in Sources */ = {isa = PBXBuildFile; fileRef = 6917BF1BD42C0447741CA46C /* TheoModels.swift */; };
		32039FD3926E4C1F86770852 /* ArpoonApp.swift in Sources */ = {isa = PBXBuildFile; fileRef = BD456FB635AF6FDEE03A08B1 /* ArpoonApp.swift */; };
		36EA5450D2470A1B5267FE50 /* JSONAssignmentStore.swift in Sources */ = {isa = PBXBuildFile; fileRef = 3C03305C04201C88A8414241 /* JSONAssignmentStore.swift */; };
		398CB1C61A08E2A0C176DB68 /* TargetResolutionService.swift in Sources */ = {isa = PBXBuildFile; fileRef = 6BDE3692B52A17217431C179 /* TargetResolutionService.swift */; };
		401EA32A105A4BB4A0B14DD4 /* AppCommands.swift in Sources */ = {isa = PBXBuildFile; fileRef = FAD52F4C9348C005FE5C5A08 /* AppCommands.swift */; };
		4160CDE0B0628E277D6647C0 /* SettingsStore.swift in Sources */ = {isa = PBXBuildFile; fileRef = A1F4F3F4E1BEDA6AF3FFC9B0 /* SettingsStore.swift */; };
		4D0E1320F01A3F88C75763F6 /* RunningAppProvider.swift in Sources */ = {isa = PBXBuildFile; fileRef = C17CE934774DE9C989208E72 /* RunningAppProvider.swift */; };
		4D635DA54127EB3A109278DC /* DynamicHotkeyAssignment.swift in Sources */ = {isa = PBXBuildFile; fileRef = FC562A82A67514B70A2118BB /* DynamicHotkeyAssignment.swift */; };
		540B50E4A8B5A9DC67729CDF /* Assets.xcassets in Resources */ = {isa = PBXBuildFile; fileRef = E4ACBED9F2036A080DB28F2B /* Assets.xcassets */; };
		5C911AF18107BCC7D73AC646 /* ControlPanelWindowController.swift in Sources */ = {isa = PBXBuildFile; fileRef = 41905081B395CDD394D2AA53 /* ControlPanelWindowController.swift */; };
		5ECDC9A47F44A42DD6EFED09 /* AccessibilityWindowProvider.swift in Sources */ = {isa = PBXBuildFile; fileRef = 0B687024CB78678408B17760 /* AccessibilityWindowProvider.swift */; };
		5FA1F9D27C2D7F21A4723FF3 /* HUDModel.swift in Sources */ = {isa = PBXBuildFile; fileRef = 12B97A00D0FDB29D8F6E9689 /* HUDModel.swift */; };
		629FB4ED326CA88FB79ABFEC /* DynamicHotkeyCaptureController.swift in Sources */ = {isa = PBXBuildFile; fileRef = A8F4F2C611B928F9C0091CF1 /* DynamicHotkeyCaptureController.swift */; };
		6354CD3B899625C4B3F076F0 /* HotkeyModels.swift in Sources */ = {isa = PBXBuildFile; fileRef = 1D3372F40080D612325EA9AC /* HotkeyModels.swift */; };
		69D091A0BBB3392F4310D75E /* GlobalHotKeyCenter.swift in Sources */ = {isa = PBXBuildFile; fileRef = 5E004B849CDF768E17F8D99F /* GlobalHotKeyCenter.swift */; };
		6A94941401A94E958E3C602E /* ShortcutRecorderRow.swift in Sources */ = {isa = PBXBuildFile; fileRef = EF01F9A38CAA7ACBA0710F27 /* ShortcutRecorderRow.swift */; };
		6B90D3954744FF1C41BB0198 /* WindowAccessor.swift in Sources */ = {isa = PBXBuildFile; fileRef = A77998A385542B61F7DD8F33 /* WindowAccessor.swift */; };
		6F785BB75FD225694BFADD6F /* GlassPanelSurface.swift in Sources */ = {isa = PBXBuildFile; fileRef = F2742A046F84717DE703BC81 /* GlassPanelSurface.swift */; };
		71D97E17941BCE9244AAD5E2 /* LiveWindow.swift in Sources */ = {isa = PBXBuildFile; fileRef = 61885319E1A75B41FA73D79F /* LiveWindow.swift */; };
		76E657F1B2A158817D3FCBF2 /* SettingsView.swift in Sources */ = {isa = PBXBuildFile; fileRef = FBBA207003F95549BF992D88 /* SettingsView.swift */; };
		784B9C89CCC1217E264D8E0C /* StatusItemController.swift in Sources */ = {isa = PBXBuildFile; fileRef = B3CF14EAC864AE6E4AD4C8D0 /* StatusItemController.swift */; };
		7AE7207E8FF85A238A9278E7 /* SlotStore.swift in Sources */ = {isa = PBXBuildFile; fileRef = BB706286B84913284F0EB019 /* SlotStore.swift */; };
		7DA7F576F8FC43B0E74227E0 /* TargetCaptureService.swift in Sources */ = {isa = PBXBuildFile; fileRef = C3C8F4DD8F9D8025F85BB55B /* TargetCaptureService.swift */; };
		83B0BF150C29B6223755CA76 /* TheoLayerStore.swift in Sources */ = {isa = PBXBuildFile; fileRef = 2DECAC5AC06AD05635B9C05A /* TheoLayerStore.swift */; };
		88C8B4ADC44277811F97146A /* TheoSettingsPane.swift in Sources */ = {isa = PBXBuildFile; fileRef = 0508B7A9E3DF904FE88DA2D4 /* TheoSettingsPane.swift */; };
		8B8060D540D720BD2876C6DA /* TheoUI.swift in Sources */ = {isa = PBXBuildFile; fileRef = 3223E94DC58760DABD093613 /* TheoUI.swift */; };
		96E4ABFD981DD96933A21FA8 /* HotkeyController.swift in Sources */ = {isa = PBXBuildFile; fileRef = 2363CE8C260D5533D61859B9 /* HotkeyController.swift */; };
		9DE815D05021D4EE95B15C60 /* AppIconView.swift in Sources */ = {isa = PBXBuildFile; fileRef = 9AAD3A15928D6ADAB7AB19D4 /* AppIconView.swift */; };
		9F856AE252B361E194FE7FBD /* SlotAssignment.swift in Sources */ = {isa = PBXBuildFile; fileRef = 101332250301C279FAACB183 /* SlotAssignment.swift */; };
		A716B26FB64E27C11A0E3BBC /* DynamicHotkeyAssignmentStore.swift in Sources */ = {isa = PBXBuildFile; fileRef = 2753ABB84682EBD417F90765 /* DynamicHotkeyAssignmentStore.swift */; };
		A7B6AA50EBBDABC471872CC7 /* SettingsWindowController.swift in Sources */ = {isa = PBXBuildFile; fileRef = 11A707DE71C1F2EB1D638D3F /* SettingsWindowController.swift */; };
		ABD8909B3A2C804EF588B3E4 /* AppRuntimeCoordinator.swift in Sources */ = {isa = PBXBuildFile; fileRef = 71600255BD0E1A41BF6BF8D2 /* AppRuntimeCoordinator.swift */; };
		B874421BE5815DED193456F7 /* MacOSFocusController.swift in Sources */ = {isa = PBXBuildFile; fileRef = 7C9E5DEE440535264242E9CC /* MacOSFocusController.swift */; };
		C8B51BB2E595C171DEEF3060 /* HUDView.swift in Sources */ = {isa = PBXBuildFile; fileRef = 83B6A6383ECCC5D131E07E2A /* HUDView.swift */; };
		C9F8E99657C7478E15C9FAB8 /* AppCommandCenter.swift in Sources */ = {isa = PBXBuildFile; fileRef = 0CEDE966A407E8911B6157CF /* AppCommandCenter.swift */; };
		CA927B35F5BAA71E7AF88408 /* HUDWindowController.swift in Sources */ = {isa = PBXBuildFile; fileRef = 82C4534FC70FA0A3E238FC7F /* HUDWindowController.swift */; };
		CBA8168B90EDE12ED96E39E0 /* AppModel.swift in Sources */ = {isa = PBXBuildFile; fileRef = 06882F59C8D449A2357EF8D9 /* AppModel.swift */; };
		CD8099BE7844D3A1162E0DAD /* TheoStore.swift in Sources */ = {isa = PBXBuildFile; fileRef = 7C1FCEA9E59CA9876CB77907 /* TheoStore.swift */; };
		DCE1DBDAFA16133794336049 /* DynamicHotkeyStore.swift in Sources */ = {isa = PBXBuildFile; fileRef = FE8CCCF8D06F1AADFB5BAE6B /* DynamicHotkeyStore.swift */; };
		E2C03D8AB7A05A073621DCCC /* AssignmentStore.swift in Sources */ = {isa = PBXBuildFile; fileRef = 5AD964FEC1316C403F9B81B6 /* AssignmentStore.swift */; };
		E2C83BB20C9D1C447F5524A3 /* MenuBarView.swift in Sources */ = {isa = PBXBuildFile; fileRef = 8DAEC90199DF96151C50695B /* MenuBarView.swift */; };
		EC5794C38568ADC951637709 /* GlassKeyPanel.swift in Sources */ = {isa = PBXBuildFile; fileRef = 505037AA2B824883562E0B6A /* GlassKeyPanel.swift */; };
		F1517272CCFF4ECFE33A6A1E /* AccessibilityPermissionService.swift in Sources */ = {isa = PBXBuildFile; fileRef = 550E15860054C4A1346D279B /* AccessibilityPermissionService.swift */; };
		F1FCE7AC94145226D8B20476 /* Target.swift in Sources */ = {isa = PBXBuildFile; fileRef = E59D5B08B432400809F73F6E /* Target.swift */; };
		F765943EAB72F590B73BCC44 /* JSONDynamicHotkeyAssignmentStore.swift in Sources */ = {isa = PBXBuildFile; fileRef = 6C8AA0643B06F6D2FE9EDD23 /* JSONDynamicHotkeyAssignmentStore.swift */; };
		FFA23E1801DBED48460E1D55 /* TitleMatchPolicy.swift in Sources */ = {isa = PBXBuildFile; fileRef = 20576B0C4205419731150495 /* TitleMatchPolicy.swift */; };
/* End PBXBuildFile section */

/* Begin PBXContainerItemProxy section */
		F8DE778A276FDAD3454013E3 /* PBXContainerItemProxy */ = {
			isa = PBXContainerItemProxy;
			containerPortal = E8149C74C1C476487051AEFE /* Project object */;
			proxyType = 1;
			remoteGlobalIDString = 1D4396A83E7A4CD31A19A8BF;
			remoteInfo = Arpoon;
		};
/* End PBXContainerItemProxy section */

/* Begin PBXFileReference section */
		0508B7A9E3DF904FE88DA2D4 /* TheoSettingsPane.swift */ = {isa = PBXFileReference; lastKnownFileType = sourcecode.swift; path = TheoSettingsPane.swift; sourceTree = "<group>"; };
		06882F59C8D449A2357EF8D9 /* AppModel.swift */ = {isa = PBXFileReference; lastKnownFileType = sourcecode.swift; path = AppModel.swift; sourceTree = "<group>"; };
		0B687024CB78678408B17760 /* AccessibilityWindowProvider.swift */ = {isa = PBXFileReference; lastKnownFileType = sourcecode.swift; path = AccessibilityWindowProvider.swift; sourceTree = "<group>"; };
		0CEDE966A407E8911B6157CF /* AppCommandCenter.swift */ = {isa = PBXFileReference; lastKnownFileType = sourcecode.swift; path = AppCommandCenter.swift; sourceTree = "<group>"; };
		101332250301C279FAACB183 /* SlotAssignment.swift */ = {isa = PBXFileReference; lastKnownFileType = sourcecode.swift; path = SlotAssignment.swift; sourceTree = "<group>"; };
		11A707DE71C1F2EB1D638D3F /* SettingsWindowController.swift */ = {isa = PBXFileReference; lastKnownFileType = sourcecode.swift; path = SettingsWindowController.swift; sourceTree = "<group>"; };
		12B97A00D0FDB29D8F6E9689 /* HUDModel.swift */ = {isa = PBXFileReference; lastKnownFileType = sourcecode.swift; path = HUDModel.swift; sourceTree = "<group>"; };
		1D3372F40080D612325EA9AC /* HotkeyModels.swift */ = {isa = PBXFileReference; lastKnownFileType = sourcecode.swift; path = HotkeyModels.swift; sourceTree = "<group>"; };
		20576B0C4205419731150495 /* TitleMatchPolicy.swift */ = {isa = PBXFileReference; lastKnownFileType = sourcecode.swift; path = TitleMatchPolicy.swift; sourceTree = "<group>"; };
		2363CE8C260D5533D61859B9 /* HotkeyController.swift */ = {isa = PBXFileReference; lastKnownFileType = sourcecode.swift; path = HotkeyController.swift; sourceTree = "<group>"; };
		2753ABB84682EBD417F90765 /* DynamicHotkeyAssignmentStore.swift */ = {isa = PBXFileReference; lastKnownFileType = sourcecode.swift; path = DynamicHotkeyAssignmentStore.swift; sourceTree = "<group>"; };
		2DECAC5AC06AD05635B9C05A /* TheoLayerStore.swift */ = {isa = PBXFileReference; lastKnownFileType = sourcecode.swift; path = TheoLayerStore.swift; sourceTree = "<group>"; };
		31B7C62A120A56E064A1F1B5 /* TheoSession.swift */ = {isa = PBXFileReference; lastKnownFileType = sourcecode.swift; path = TheoSession.swift; sourceTree = "<group>"; };
		3223E94DC58760DABD093613 /* TheoUI.swift */ = {isa = PBXFileReference; lastKnownFileType = sourcecode.swift; path = TheoUI.swift; sourceTree = "<group>"; };
		3C03305C04201C88A8414241 /* JSONAssignmentStore.swift */ = {isa = PBXFileReference; lastKnownFileType = sourcecode.swift; path = JSONAssignmentStore.swift; sourceTree = "<group>"; };
		41905081B395CDD394D2AA53 /* ControlPanelWindowController.swift */ = {isa = PBXFileReference; lastKnownFileType = sourcecode.swift; path = ControlPanelWindowController.swift; sourceTree = "<group>"; };
		505037AA2B824883562E0B6A /* GlassKeyPanel.swift */ = {isa = PBXFileReference; lastKnownFileType = sourcecode.swift; path = GlassKeyPanel.swift; sourceTree = "<group>"; };
		550E15860054C4A1346D279B /* AccessibilityPermissionService.swift */ = {isa = PBXFileReference; lastKnownFileType = sourcecode.swift; path = AccessibilityPermissionService.swift; sourceTree = "<group>"; };
		5AD964FEC1316C403F9B81B6 /* AssignmentStore.swift */ = {isa = PBXFileReference; lastKnownFileType = sourcecode.swift; path = AssignmentStore.swift; sourceTree = "<group>"; };
		5E004B849CDF768E17F8D99F /* GlobalHotKeyCenter.swift */ = {isa = PBXFileReference; lastKnownFileType = sourcecode.swift; path = GlobalHotKeyCenter.swift; sourceTree = "<group>"; };
		61885319E1A75B41FA73D79F /* LiveWindow.swift */ = {isa = PBXFileReference; lastKnownFileType = sourcecode.swift; path = LiveWindow.swift; sourceTree = "<group>"; };
		68AEB03F38EF54D9513E4CF5 /* ArpoonStatusItemTemplate.pdf */ = {isa = PBXFileReference; lastKnownFileType = image.pdf; path = ArpoonStatusItemTemplate.pdf; sourceTree = "<group>"; };
		6917BF1BD42C0447741CA46C /* TheoModels.swift */ = {isa = PBXFileReference; lastKnownFileType = sourcecode.swift; path = TheoModels.swift; sourceTree = "<group>"; };
		6BDE3692B52A17217431C179 /* TargetResolutionService.swift */ = {isa = PBXFileReference; lastKnownFileType = sourcecode.swift; path = TargetResolutionService.swift; sourceTree = "<group>"; };
		6C8AA0643B06F6D2FE9EDD23 /* JSONDynamicHotkeyAssignmentStore.swift */ = {isa = PBXFileReference; lastKnownFileType = sourcecode.swift; path = JSONDynamicHotkeyAssignmentStore.swift; sourceTree = "<group>"; };
		71600255BD0E1A41BF6BF8D2 /* AppRuntimeCoordinator.swift */ = {isa = PBXFileReference; lastKnownFileType = sourcecode.swift; path = AppRuntimeCoordinator.swift; sourceTree = "<group>"; };
		7C1FCEA9E59CA9876CB77907 /* TheoStore.swift */ = {isa = PBXFileReference; lastKnownFileType = sourcecode.swift; path = TheoStore.swift; sourceTree = "<group>"; };
		7C9E5DEE440535264242E9CC /* MacOSFocusController.swift */ = {isa = PBXFileReference; lastKnownFileType = sourcecode.swift; path = MacOSFocusController.swift; sourceTree = "<group>"; };
		82C4534FC70FA0A3E238FC7F /* HUDWindowController.swift */ = {isa = PBXFileReference; lastKnownFileType = sourcecode.swift; path = HUDWindowController.swift; sourceTree = "<group>"; };
		83B6A6383ECCC5D131E07E2A /* HUDView.swift */ = {isa = PBXFileReference; lastKnownFileType = sourcecode.swift; path = HUDView.swift; sourceTree = "<group>"; };
		88C3FFBAA5C42F44029C12E4 /* JSONTheoLayerStore.swift */ = {isa = PBXFileReference; lastKnownFileType = sourcecode.swift; path = JSONTheoLayerStore.swift; sourceTree = "<group>"; };
		8DAEC90199DF96151C50695B /* MenuBarView.swift */ = {isa = PBXFileReference; lastKnownFileType = sourcecode.swift; path = MenuBarView.swift; sourceTree = "<group>"; };
		962EED9020BCE6D2782B239D /* ArpoonTests.xctest */ = {isa = PBXFileReference; explicitFileType = wrapper.cfbundle; includeInIndex = 0; path = ArpoonTests.xctest; sourceTree = BUILT_PRODUCTS_DIR; };
		9AAD3A15928D6ADAB7AB19D4 /* AppIconView.swift */ = {isa = PBXFileReference; lastKnownFileType = sourcecode.swift; path = AppIconView.swift; sourceTree = "<group>"; };
		A1790640F3DF20A4E2B1CC22 /* ArpoonStatusItemTemplate.svg */ = {isa = PBXFileReference; path = ArpoonStatusItemTemplate.svg; sourceTree = "<group>"; };
		A1F4F3F4E1BEDA6AF3FFC9B0 /* SettingsStore.swift */ = {isa = PBXFileReference; lastKnownFileType = sourcecode.swift; path = SettingsStore.swift; sourceTree = "<group>"; };
		A77998A385542B61F7DD8F33 /* WindowAccessor.swift */ = {isa = PBXFileReference; lastKnownFileType = sourcecode.swift; path = WindowAccessor.swift; sourceTree = "<group>"; };
		A8F4F2C611B928F9C0091CF1 /* DynamicHotkeyCaptureController.swift */ = {isa = PBXFileReference; lastKnownFileType = sourcecode.swift; path = DynamicHotkeyCaptureController.swift; sourceTree = "<group>"; };
		B3CF14EAC864AE6E4AD4C8D0 /* StatusItemController.swift */ = {isa = PBXFileReference; lastKnownFileType = sourcecode.swift; path = StatusItemController.swift; sourceTree = "<group>"; };
		B8E5B9DCF658738AB7452E44 /* LiveApp.swift */ = {isa = PBXFileReference; lastKnownFileType = sourcecode.swift; path = LiveApp.swift; sourceTree = "<group>"; };
		BB706286B84913284F0EB019 /* SlotStore.swift */ = {isa = PBXFileReference; lastKnownFileType = sourcecode.swift; path = SlotStore.swift; sourceTree = "<group>"; };
		BD456FB635AF6FDEE03A08B1 /* ArpoonApp.swift */ = {isa = PBXFileReference; lastKnownFileType = sourcecode.swift; path = ArpoonApp.swift; sourceTree = "<group>"; };
		C0032085E6AA0107B3150B23 /* Arpoon.app */ = {isa = PBXFileReference; explicitFileType = wrapper.application; includeInIndex = 0; path = Arpoon.app; sourceTree = BUILT_PRODUCTS_DIR; };
		C17CE934774DE9C989208E72 /* RunningAppProvider.swift */ = {isa = PBXFileReference; lastKnownFileType = sourcecode.swift; path = RunningAppProvider.swift; sourceTree = "<group>"; };
		C3C8F4DD8F9D8025F85BB55B /* TargetCaptureService.swift */ = {isa = PBXFileReference; lastKnownFileType = sourcecode.swift; path = TargetCaptureService.swift; sourceTree = "<group>"; };
		CB188FD750342ECE5E9FB625 /* OptionHoldHUDController.swift */ = {isa = PBXFileReference; lastKnownFileType = sourcecode.swift; path = OptionHoldHUDController.swift; sourceTree = "<group>"; };
		D514ABF921ABA84FFB18328E /* FocusService.swift */ = {isa = PBXFileReference; lastKnownFileType = sourcecode.swift; path = FocusService.swift; sourceTree = "<group>"; };
		D88E5BAFB7FDE9C156B430C0 /* TargetLabelPolicy.swift */ = {isa = PBXFileReference; lastKnownFileType = sourcecode.swift; path = TargetLabelPolicy.swift; sourceTree = "<group>"; };
		E4ACBED9F2036A080DB28F2B /* Assets.xcassets */ = {isa = PBXFileReference; lastKnownFileType = folder.assetcatalog; path = Assets.xcassets; sourceTree = "<group>"; };
		E59D5B08B432400809F73F6E /* Target.swift */ = {isa = PBXFileReference; lastKnownFileType = sourcecode.swift; path = Target.swift; sourceTree = "<group>"; };
		E7B53C3057E7053F99C0F372 /* AppRuntimeAndCommandCenterTests.swift */ = {isa = PBXFileReference; lastKnownFileType = sourcecode.swift; path = AppRuntimeAndCommandCenterTests.swift; sourceTree = "<group>"; };
		E9D68426CD3319B171227149 /* AppDelegate.swift */ = {isa = PBXFileReference; lastKnownFileType = sourcecode.swift; path = AppDelegate.swift; sourceTree = "<group>"; };
		EF01F9A38CAA7ACBA0710F27 /* ShortcutRecorderRow.swift */ = {isa = PBXFileReference; lastKnownFileType = sourcecode.swift; path = ShortcutRecorderRow.swift; sourceTree = "<group>"; };
		F2742A046F84717DE703BC81 /* GlassPanelSurface.swift */ = {isa = PBXFileReference; lastKnownFileType = sourcecode.swift; path = GlassPanelSurface.swift; sourceTree = "<group>"; };
		FAD52F4C9348C005FE5C5A08 /* AppCommands.swift */ = {isa = PBXFileReference; lastKnownFileType = sourcecode.swift; path = AppCommands.swift; sourceTree = "<group>"; };
		FBBA207003F95549BF992D88 /* SettingsView.swift */ = {isa = PBXFileReference; lastKnownFileType = sourcecode.swift; path = SettingsView.swift; sourceTree = "<group>"; };
		FC562A82A67514B70A2118BB /* DynamicHotkeyAssignment.swift */ = {isa = PBXFileReference; lastKnownFileType = sourcecode.swift; path = DynamicHotkeyAssignment.swift; sourceTree = "<group>"; };
		FE5A64B1C9DBA2FCC947296B /* HotkeyConfiguration.swift */ = {isa = PBXFileReference; lastKnownFileType = sourcecode.swift; path = HotkeyConfiguration.swift; sourceTree = "<group>"; };
		FE8CCCF8D06F1AADFB5BAE6B /* DynamicHotkeyStore.swift */ = {isa = PBXFileReference; lastKnownFileType = sourcecode.swift; path = DynamicHotkeyStore.swift; sourceTree = "<group>"; };
/* End PBXFileReference section */

/* Begin PBXGroup section */
		00A640EAC6FA5D8745723F1A = {
			isa = PBXGroup;
			children = (
				1BC9FB8030E74ADD046B8D55 /* Arpoon */,
				36E01247CD01B6558BE9CA14 /* ArpoonTests */,
				C58D499BDE76E6F2A70FD8F2 /* Products */,
			);
			sourceTree = "<group>";
		};
		097250B75DBA02A3FA8B6D35 /* Shared */ = {
			isa = PBXGroup;
			children = (
				9AAD3A15928D6ADAB7AB19D4 /* AppIconView.swift */,
				41905081B395CDD394D2AA53 /* ControlPanelWindowController.swift */,
				505037AA2B824883562E0B6A /* GlassKeyPanel.swift */,
				F2742A046F84717DE703BC81 /* GlassPanelSurface.swift */,
				8DAEC90199DF96151C50695B /* MenuBarView.swift */,
				B3CF14EAC864AE6E4AD4C8D0 /* StatusItemController.swift */,
				3223E94DC58760DABD093613 /* TheoUI.swift */,
				A77998A385542B61F7DD8F33 /* WindowAccessor.swift */,
			);
			path = Shared;
			sourceTree = "<group>";
		};
		1BC9FB8030E74ADD046B8D55 /* Arpoon */ = {
			isa = PBXGroup;
			children = (
				E4ACBED9F2036A080DB28F2B /* Assets.xcassets */,
				45BDB761C0CA25720159773F /* App */,
				8F031198F5568CB2C933C4B7 /* Domain */,
				6461DD0F8DA212473CE781DA /* Infra */,
				FABAB3F52E127C50DA80D568 /* Resources */,
				D25CDBB097518DAC32A7C351 /* UI */,
			);
			path = Arpoon;
			sourceTree = "<group>";
		};
		36E01247CD01B6558BE9CA14 /* ArpoonTests */ = {
			isa = PBXGroup;
			children = (
				E7B53C3057E7053F99C0F372 /* AppRuntimeAndCommandCenterTests.swift */,
			);
			name = ArpoonTests;
			path = Tests/ArpoonTests;
			sourceTree = "<group>";
		};
		45BDB761C0CA25720159773F /* App */ = {
			isa = PBXGroup;
			children = (
				0CEDE966A407E8911B6157CF /* AppCommandCenter.swift */,
				FAD52F4C9348C005FE5C5A08 /* AppCommands.swift */,
				E9D68426CD3319B171227149 /* AppDelegate.swift */,
				06882F59C8D449A2357EF8D9 /* AppModel.swift */,
				71600255BD0E1A41BF6BF8D2 /* AppRuntimeCoordinator.swift */,
				BD456FB635AF6FDEE03A08B1 /* ArpoonApp.swift */,
			);
			path = App;
			sourceTree = "<group>";
		};
		495067E1CF35C833002B9D9E /* Services */ = {
			isa = PBXGroup;
			children = (
				5AD964FEC1316C403F9B81B6 /* AssignmentStore.swift */,
				2753ABB84682EBD417F90765 /* DynamicHotkeyAssignmentStore.swift */,
				FE8CCCF8D06F1AADFB5BAE6B /* DynamicHotkeyStore.swift */,
				D514ABF921ABA84FFB18328E /* FocusService.swift */,
				BB706286B84913284F0EB019 /* SlotStore.swift */,
				C3C8F4DD8F9D8025F85BB55B /* TargetCaptureService.swift */,
				6BDE3692B52A17217431C179 /* TargetResolutionService.swift */,
				2DECAC5AC06AD05635B9C05A /* TheoLayerStore.swift */,
				31B7C62A120A56E064A1F1B5 /* TheoSession.swift */,
				7C1FCEA9E59CA9876CB77907 /* TheoStore.swift */,
			);
			path = Services;
			sourceTree = "<group>";
		};
		6461DD0F8DA212473CE781DA /* Infra */ = {
			isa = PBXGroup;
			children = (
				8531128A241220D6CD25A9DA /* MacOS */,
				BEE3E9E1C774BC5775E6D6F9 /* Persistence */,
			);
			path = Infra;
			sourceTree = "<group>";
		};
		7022C9D04B668C2D08FEC15D /* Policies */ = {
			isa = PBXGroup;
			children = (
				D88E5BAFB7FDE9C156B430C0 /* TargetLabelPolicy.swift */,
				20576B0C4205419731150495 /* TitleMatchPolicy.swift */,
			);
			path = Policies;
			sourceTree = "<group>";
		};
		76402ABA0EB3919A82AE100F /* Settings */ = {
			isa = PBXGroup;
			children = (
				A1F4F3F4E1BEDA6AF3FFC9B0 /* SettingsStore.swift */,
				FBBA207003F95549BF992D88 /* SettingsView.swift */,
				11A707DE71C1F2EB1D638D3F /* SettingsWindowController.swift */,
				EF01F9A38CAA7ACBA0710F27 /* ShortcutRecorderRow.swift */,
				0508B7A9E3DF904FE88DA2D4 /* TheoSettingsPane.swift */,
			);
			path = Settings;
			sourceTree = "<group>";
		};
		79AC2A31B7B9A035F29A0DAE /* Hotkeys */ = {
			isa = PBXGroup;
			children = (
				A8F4F2C611B928F9C0091CF1 /* DynamicHotkeyCaptureController.swift */,
				5E004B849CDF768E17F8D99F /* GlobalHotKeyCenter.swift */,
				FE5A64B1C9DBA2FCC947296B /* HotkeyConfiguration.swift */,
				2363CE8C260D5533D61859B9 /* HotkeyController.swift */,
				1D3372F40080D612325EA9AC /* HotkeyModels.swift */,
			);
			path = Hotkeys;
			sourceTree = "<group>";
		};
		8531128A241220D6CD25A9DA /* MacOS */ = {
			isa = PBXGroup;
			children = (
				550E15860054C4A1346D279B /* AccessibilityPermissionService.swift */,
				0B687024CB78678408B17760 /* AccessibilityWindowProvider.swift */,
				7C9E5DEE440535264242E9CC /* MacOSFocusController.swift */,
				C17CE934774DE9C989208E72 /* RunningAppProvider.swift */,
			);
			path = MacOS;
			sourceTree = "<group>";
		};
		8F031198F5568CB2C933C4B7 /* Domain */ = {
			isa = PBXGroup;
			children = (
				91F2E7C2A30332727FF31B1A /* Models */,
				7022C9D04B668C2D08FEC15D /* Policies */,
				495067E1CF35C833002B9D9E /* Services */,
			);
			path = Domain;
			sourceTree = "<group>";
		};
		91F2E7C2A30332727FF31B1A /* Models */ = {
			isa = PBXGroup;
			children = (
				FC562A82A67514B70A2118BB /* DynamicHotkeyAssignment.swift */,
				B8E5B9DCF658738AB7452E44 /* LiveApp.swift */,
				61885319E1A75B41FA73D79F /* LiveWindow.swift */,
				101332250301C279FAACB183 /* SlotAssignment.swift */,
				E59D5B08B432400809F73F6E /* Target.swift */,
				6917BF1BD42C0447741CA46C /* TheoModels.swift */,
			);
			path = Models;
			sourceTree = "<group>";
		};
		9724CFF93B3E0D59AFD352D7 /* HUD */ = {
			isa = PBXGroup;
			children = (
				12B97A00D0FDB29D8F6E9689 /* HUDModel.swift */,
				83B6A6383ECCC5D131E07E2A /* HUDView.swift */,
				82C4534FC70FA0A3E238FC7F /* HUDWindowController.swift */,
				CB188FD750342ECE5E9FB625 /* OptionHoldHUDController.swift */,
			);
			path = HUD;
			sourceTree = "<group>";
		};
		BEE3E9E1C774BC5775E6D6F9 /* Persistence */ = {
			isa = PBXGroup;
			children = (
				3C03305C04201C88A8414241 /* JSONAssignmentStore.swift */,
				6C8AA0643B06F6D2FE9EDD23 /* JSONDynamicHotkeyAssignmentStore.swift */,
				88C3FFBAA5C42F44029C12E4 /* JSONTheoLayerStore.swift */,
			);
			path = Persistence;
			sourceTree = "<group>";
		};
		C58D499BDE76E6F2A70FD8F2 /* Products */ = {
			isa = PBXGroup;
			children = (
				C0032085E6AA0107B3150B23 /* Arpoon.app */,
				962EED9020BCE6D2782B239D /* ArpoonTests.xctest */,
			);
			name = Products;
			sourceTree = "<group>";
		};
		D25CDBB097518DAC32A7C351 /* UI */ = {
			isa = PBXGroup;
			children = (
				79AC2A31B7B9A035F29A0DAE /* Hotkeys */,
				9724CFF93B3E0D59AFD352D7 /* HUD */,
				76402ABA0EB3919A82AE100F /* Settings */,
				097250B75DBA02A3FA8B6D35 /* Shared */,
			);
			path = UI;
			sourceTree = "<group>";
		};
		FABAB3F52E127C50DA80D568 /* Resources */ = {
			isa = PBXGroup;
			children = (
				68AEB03F38EF54D9513E4CF5 /* ArpoonStatusItemTemplate.pdf */,
				A1790640F3DF20A4E2B1CC22 /* ArpoonStatusItemTemplate.svg */,
			);
			path = Resources;
			sourceTree = "<group>";
		};
/* End PBXGroup section */

/* Begin PBXNativeTarget section */
		1D4396A83E7A4CD31A19A8BF /* Arpoon */ = {
			isa = PBXNativeTarget;
			buildConfigurationList = 9F80E264FA9BF3FBE6CAFC40 /* Build configuration list for PBXNativeTarget "Arpoon" */;
			buildPhases = (
				CA55D3ADE4A66EF3DDCA43B3 /* Sources */,
				4B4EF7F48D9FFE0A32E2ECA7 /* Resources */,
			);
			buildRules = (
			);
			dependencies = (
			);
			name = Arpoon;
			packageProductDependencies = (
			);
			productName = Arpoon;
			productReference = C0032085E6AA0107B3150B23 /* Arpoon.app */;
			productType = "com.apple.product-type.application";
		};
		EFA725749EA60D9D892C3890 /* ArpoonTests */ = {
			isa = PBXNativeTarget;
			buildConfigurationList = C658E9850D5F3D0C5D4625AF /* Build configuration list for PBXNativeTarget "ArpoonTests" */;
			buildPhases = (
				2C44AB082487FEC71B2BF095 /* Sources */,
			);
			buildRules = (
			);
			dependencies = (
				4A0AC2BFACE6BFE83402EF65 /* PBXTargetDependency */,
			);
			name = ArpoonTests;
			packageProductDependencies = (
			);
			productName = ArpoonTests;
			productReference = 962EED9020BCE6D2782B239D /* ArpoonTests.xctest */;
			productType = "com.apple.product-type.bundle.unit-test";
		};
/* End PBXNativeTarget section */

/* Begin PBXProject section */
		E8149C74C1C476487051AEFE /* Project object */ = {
			isa = PBXProject;
			attributes = {
				BuildIndependentTargetsInParallel = YES;
				LastUpgradeCheck = 1430;
				TargetAttributes = {
					1D4396A83E7A4CD31A19A8BF = {
						DevelopmentTeam = "";
					};
				};
			};
			buildConfigurationList = E8B7F7625C1F733C63173F4C /* Build configuration list for PBXProject "Arpoon" */;
			developmentRegion = en;
			hasScannedForEncodings = 0;
			knownRegions = (
				Base,
				en,
			);
			mainGroup = 00A640EAC6FA5D8745723F1A;
			minimizedProjectReferenceProxies = 1;
			preferredProjectObjectVersion = 77;
			productRefGroup = C58D499BDE76E6F2A70FD8F2 /* Products */;
			projectDirPath = "";
			projectRoot = "";
			targets = (
				1D4396A83E7A4CD31A19A8BF /* Arpoon */,
				EFA725749EA60D9D892C3890 /* ArpoonTests */,
			);
		};
/* End PBXProject section */

/* Begin PBXResourcesBuildPhase section */
		4B4EF7F48D9FFE0A32E2ECA7 /* Resources */ = {
			isa = PBXResourcesBuildPhase;
			buildActionMask = 2147483647;
			files = (
				235E80AFBF670A194238F275 /* ArpoonStatusItemTemplate.pdf in Resources */,
				1B76314DCD041755C8D0C141 /* ArpoonStatusItemTemplate.svg in Resources */,
				540B50E4A8B5A9DC67729CDF /* Assets.xcassets in Resources */,
			);
			runOnlyForDeploymentPostprocessing = 0;
		};
/* End PBXResourcesBuildPhase section */

/* Begin PBXSourcesBuildPhase section */
		2C44AB082487FEC71B2BF095 /* Sources */ = {
			isa = PBXSourcesBuildPhase;
			buildActionMask = 2147483647;
			files = (
				1812F9F59DAE5237B3AE36DB /* AppRuntimeAndCommandCenterTests.swift in Sources */,
			);
			runOnlyForDeploymentPostprocessing = 0;
		};
		CA55D3ADE4A66EF3DDCA43B3 /* Sources */ = {
			isa = PBXSourcesBuildPhase;
			buildActionMask = 2147483647;
			files = (
				F1517272CCFF4ECFE33A6A1E /* AccessibilityPermissionService.swift in Sources */,
				5ECDC9A47F44A42DD6EFED09 /* AccessibilityWindowProvider.swift in Sources */,
				C9F8E99657C7478E15C9FAB8 /* AppCommandCenter.swift in Sources */,
				401EA32A105A4BB4A0B14DD4 /* AppCommands.swift in Sources */,
				2B069C3A43608C4D04062093 /* AppDelegate.swift in Sources */,
				9DE815D05021D4EE95B15C60 /* AppIconView.swift in Sources */,
				CBA8168B90EDE12ED96E39E0 /* AppModel.swift in Sources */,
				ABD8909B3A2C804EF588B3E4 /* AppRuntimeCoordinator.swift in Sources */,
				32039FD3926E4C1F86770852 /* ArpoonApp.swift in Sources */,
				E2C03D8AB7A05A073621DCCC /* AssignmentStore.swift in Sources */,
				5C911AF18107BCC7D73AC646 /* ControlPanelWindowController.swift in Sources */,
				4D635DA54127EB3A109278DC /* DynamicHotkeyAssignment.swift in Sources */,
				A716B26FB64E27C11A0E3BBC /* DynamicHotkeyAssignmentStore.swift in Sources */,
				629FB4ED326CA88FB79ABFEC /* DynamicHotkeyCaptureController.swift in Sources */,
				DCE1DBDAFA16133794336049 /* DynamicHotkeyStore.swift in Sources */,
				1F3184FAFE38CE167B1E3C75 /* FocusService.swift in Sources */,
				EC5794C38568ADC951637709 /* GlassKeyPanel.swift in Sources */,
				6F785BB75FD225694BFADD6F /* GlassPanelSurface.swift in Sources */,
				69D091A0BBB3392F4310D75E /* GlobalHotKeyCenter.swift in Sources */,
				5FA1F9D27C2D7F21A4723FF3 /* HUDModel.swift in Sources */,
				C8B51BB2E595C171DEEF3060 /* HUDView.swift in Sources */,
				CA927B35F5BAA71E7AF88408 /* HUDWindowController.swift in Sources */,
				2A1D9B565730F496589D12BA /* HotkeyConfiguration.swift in Sources */,
				96E4ABFD981DD96933A21FA8 /* HotkeyController.swift in Sources */,
				6354CD3B899625C4B3F076F0 /* HotkeyModels.swift in Sources */,
				36EA5450D2470A1B5267FE50 /* JSONAssignmentStore.swift in Sources */,
				F765943EAB72F590B73BCC44 /* JSONDynamicHotkeyAssignmentStore.swift in Sources */,
				0E3C004D252001FD9A757442 /* JSONTheoLayerStore.swift in Sources */,
				1A2D1D1658AB9CE857DCA79A /* LiveApp.swift in Sources */,
				71D97E17941BCE9244AAD5E2 /* LiveWindow.swift in Sources */,
				B874421BE5815DED193456F7 /* MacOSFocusController.swift in Sources */,
				E2C83BB20C9D1C447F5524A3 /* MenuBarView.swift in Sources */,
				16642193E70A6B5078EFB9F7 /* OptionHoldHUDController.swift in Sources */,
				4D0E1320F01A3F88C75763F6 /* RunningAppProvider.swift in Sources */,
				4160CDE0B0628E277D6647C0 /* SettingsStore.swift in Sources */,
				76E657F1B2A158817D3FCBF2 /* SettingsView.swift in Sources */,
				A7B6AA50EBBDABC471872CC7 /* SettingsWindowController.swift in Sources */,
				6A94941401A94E958E3C602E /* ShortcutRecorderRow.swift in Sources */,
				9F856AE252B361E194FE7FBD /* SlotAssignment.swift in Sources */,
				7AE7207E8FF85A238A9278E7 /* SlotStore.swift in Sources */,
				784B9C89CCC1217E264D8E0C /* StatusItemController.swift in Sources */,
				F1FCE7AC94145226D8B20476 /* Target.swift in Sources */,
				7DA7F576F8FC43B0E74227E0 /* TargetCaptureService.swift in Sources */,
				13FA5D0D68BACCB7EB9F2CE7 /* TargetLabelPolicy.swift in Sources */,
				398CB1C61A08E2A0C176DB68 /* TargetResolutionService.swift in Sources */,
				83B0BF150C29B6223755CA76 /* TheoLayerStore.swift in Sources */,
				2B8F0FFC9A4852FED387EE92 /* TheoModels.swift in Sources */,
				274654B2AB61AB8F180E0E02 /* TheoSession.swift in Sources */,
				88C8B4ADC44277811F97146A /* TheoSettingsPane.swift in Sources */,
				CD8099BE7844D3A1162E0DAD /* TheoStore.swift in Sources */,
				8B8060D540D720BD2876C6DA /* TheoUI.swift in Sources */,
				FFA23E1801DBED48460E1D55 /* TitleMatchPolicy.swift in Sources */,
				6B90D3954744FF1C41BB0198 /* WindowAccessor.swift in Sources */,
			);
			runOnlyForDeploymentPostprocessing = 0;
		};
/* End PBXSourcesBuildPhase section */

/* Begin PBXTargetDependency section */
		4A0AC2BFACE6BFE83402EF65 /* PBXTargetDependency */ = {
			isa = PBXTargetDependency;
			target = 1D4396A83E7A4CD31A19A8BF /* Arpoon */;
			targetProxy = F8DE778A276FDAD3454013E3 /* PBXContainerItemProxy */;
		};
/* End PBXTargetDependency section */

/* Begin XCBuildConfiguration section */
		0A3163F35768B18018FA3D5C /* Release */ = {
			isa = XCBuildConfiguration;
			buildSettings = {
				ALWAYS_SEARCH_USER_PATHS = NO;
				CLANG_ANALYZER_NONNULL = YES;
				CLANG_ANALYZER_NUMBER_OBJECT_CONVERSION = YES_AGGRESSIVE;
				CLANG_CXX_LANGUAGE_STANDARD = "gnu++14";
				CLANG_CXX_LIBRARY = "libc++";
				CLANG_ENABLE_MODULES = YES;
				CLANG_ENABLE_OBJC_ARC = YES;
				CLANG_ENABLE_OBJC_WEAK = YES;
				CLANG_WARN_BLOCK_CAPTURE_AUTORELEASING = YES;
				CLANG_WARN_BOOL_CONVERSION = YES;
				CLANG_WARN_COMMA = YES;
				CLANG_WARN_CONSTANT_CONVERSION = YES;
				CLANG_WARN_DEPRECATED_OBJC_IMPLEMENTATIONS = YES;
				CLANG_WARN_DIRECT_OBJC_ISA_USAGE = YES_ERROR;
				CLANG_WARN_DOCUMENTATION_COMMENTS = YES;
				CLANG_WARN_EMPTY_BODY = YES;
				CLANG_WARN_ENUM_CONVERSION = YES;
				CLANG_WARN_INFINITE_RECURSION = YES;
				CLANG_WARN_INT_CONVERSION = YES;
				CLANG_WARN_NON_LITERAL_NULL_CONVERSION = YES;
				CLANG_WARN_OBJC_IMPLICIT_RETAIN_SELF = YES;
				CLANG_WARN_OBJC_LITERAL_CONVERSION = YES;
				CLANG_WARN_OBJC_ROOT_CLASS = YES_ERROR;
				CLANG_WARN_QUOTED_INCLUDE_IN_FRAMEWORK_HEADER = YES;
				CLANG_WARN_RANGE_LOOP_ANALYSIS = YES;
				CLANG_WARN_STRICT_PROTOTYPES = YES;
				CLANG_WARN_SUSPICIOUS_MOVE = YES;
				CLANG_WARN_UNGUARDED_AVAILABILITY = YES_AGGRESSIVE;
				CLANG_WARN_UNREACHABLE_CODE = YES;
				CLANG_WARN__DUPLICATE_METHOD_MATCH = YES;
				COPY_PHASE_STRIP = NO;
				DEBUG_INFORMATION_FORMAT = "dwarf-with-dsym";
				ENABLE_NS_ASSERTIONS = NO;
				ENABLE_STRICT_OBJC_MSGSEND = YES;
				GCC_C_LANGUAGE_STANDARD = gnu11;
				GCC_NO_COMMON_BLOCKS = YES;
				GCC_WARN_64_TO_32_BIT_CONVERSION = YES;
				GCC_WARN_ABOUT_RETURN_TYPE = YES_ERROR;
				GCC_WARN_UNDECLARED_SELECTOR = YES;
				GCC_WARN_UNINITIALIZED_AUTOS = YES_AGGRESSIVE;
				GCC_WARN_UNUSED_FUNCTION = YES;
				GCC_WARN_UNUSED_VARIABLE = YES;
				MACOSX_DEPLOYMENT_TARGET = 14.0;
				MTL_ENABLE_DEBUG_INFO = NO;
				MTL_FAST_MATH = YES;
				PRODUCT_NAME = "$(TARGET_NAME)";
				SDKROOT = macosx;
				SWIFT_COMPILATION_MODE = wholemodule;
				SWIFT_OPTIMIZATION_LEVEL = "-O";
				SWIFT_VERSION = 6.0;
			};
			name = Release;
		};
		1AB68ACA69BD39148BA1CE9C /* Debug */ = {
			isa = XCBuildConfiguration;
			buildSettings = {
				BUNDLE_LOADER = "$(TEST_HOST)";
				COMBINE_HIDPI_IMAGES = YES;
				GENERATE_INFOPLIST_FILE = YES;
				LD_RUNPATH_SEARCH_PATHS = (
					"$(inherited)",
					"@executable_path/../Frameworks",
					"@loader_path/../Frameworks",
				);
				PRODUCT_BUNDLE_IDENTIFIER = dev.kevingyori.ArpoonTests;
				SDKROOT = macosx;
				TEST_HOST = "$(BUILT_PRODUCTS_DIR)/Arpoon.app/Contents/MacOS/Arpoon";
			};
			name = Debug;
		};
		644E0DFE5DA4338E8422B079 /* Release */ = {
			isa = XCBuildConfiguration;
			buildSettings = {
				ASSETCATALOG_COMPILER_APPICON_NAME = AppIcon;
				COMBINE_HIDPI_IMAGES = YES;
				DEVELOPMENT_TEAM = "";
				GENERATE_INFOPLIST_FILE = YES;
				INFOPLIST_KEY_CFBundleDisplayName = Arpoon;
				INFOPLIST_KEY_LSApplicationCategoryType = "public.app-category.productivity";
				INFOPLIST_KEY_LSUIElement = YES;
				INFOPLIST_KEY_NSPrincipalClass = NSApplication;
				LD_RUNPATH_SEARCH_PATHS = (
					"$(inherited)",
					"@executable_path/../Frameworks",
				);
				PRODUCT_BUNDLE_IDENTIFIER = dev.kevingyori.Arpoon;
				PRODUCT_NAME = Arpoon;
				SDKROOT = macosx;
			};
			name = Release;
		};
		7A240B03181114E7A12315A5 /* Release */ = {
			isa = XCBuildConfiguration;
			buildSettings = {
				BUNDLE_LOADER = "$(TEST_HOST)";
				COMBINE_HIDPI_IMAGES = YES;
				GENERATE_INFOPLIST_FILE = YES;
				LD_RUNPATH_SEARCH_PATHS = (
					"$(inherited)",
					"@executable_path/../Frameworks",
					"@loader_path/../Frameworks",
				);
				PRODUCT_BUNDLE_IDENTIFIER = dev.kevingyori.ArpoonTests;
				SDKROOT = macosx;
				TEST_HOST = "$(BUILT_PRODUCTS_DIR)/Arpoon.app/Contents/MacOS/Arpoon";
			};
			name = Release;
		};
		BFD968B9E98541DAD95796B4 /* Debug */ = {
			isa = XCBuildConfiguration;
			buildSettings = {
				ALWAYS_SEARCH_USER_PATHS = NO;
				CLANG_ANALYZER_NONNULL = YES;
				CLANG_ANALYZER_NUMBER_OBJECT_CONVERSION = YES_AGGRESSIVE;
				CLANG_CXX_LANGUAGE_STANDARD = "gnu++14";
				CLANG_CXX_LIBRARY = "libc++";
				CLANG_ENABLE_MODULES = YES;
				CLANG_ENABLE_OBJC_ARC = YES;
				CLANG_ENABLE_OBJC_WEAK = YES;
				CLANG_WARN_BLOCK_CAPTURE_AUTORELEASING = YES;
				CLANG_WARN_BOOL_CONVERSION = YES;
				CLANG_WARN_COMMA = YES;
				CLANG_WARN_CONSTANT_CONVERSION = YES;
				CLANG_WARN_DEPRECATED_OBJC_IMPLEMENTATIONS = YES;
				CLANG_WARN_DIRECT_OBJC_ISA_USAGE = YES_ERROR;
				CLANG_WARN_DOCUMENTATION_COMMENTS = YES;
				CLANG_WARN_EMPTY_BODY = YES;
				CLANG_WARN_ENUM_CONVERSION = YES;
				CLANG_WARN_INFINITE_RECURSION = YES;
				CLANG_WARN_INT_CONVERSION = YES;
				CLANG_WARN_NON_LITERAL_NULL_CONVERSION = YES;
				CLANG_WARN_OBJC_IMPLICIT_RETAIN_SELF = YES;
				CLANG_WARN_OBJC_LITERAL_CONVERSION = YES;
				CLANG_WARN_OBJC_ROOT_CLASS = YES_ERROR;
				CLANG_WARN_QUOTED_INCLUDE_IN_FRAMEWORK_HEADER = YES;
				CLANG_WARN_RANGE_LOOP_ANALYSIS = YES;
				CLANG_WARN_STRICT_PROTOTYPES = YES;
				CLANG_WARN_SUSPICIOUS_MOVE = YES;
				CLANG_WARN_UNGUARDED_AVAILABILITY = YES_AGGRESSIVE;
				CLANG_WARN_UNREACHABLE_CODE = YES;
				CLANG_WARN__DUPLICATE_METHOD_MATCH = YES;
				COPY_PHASE_STRIP = NO;
				DEBUG_INFORMATION_FORMAT = dwarf;
				ENABLE_STRICT_OBJC_MSGSEND = YES;
				ENABLE_TESTABILITY = YES;
				GCC_C_LANGUAGE_STANDARD = gnu11;
				GCC_DYNAMIC_NO_PIC = NO;
				GCC_NO_COMMON_BLOCKS = YES;
				GCC_OPTIMIZATION_LEVEL = 0;
				GCC_PREPROCESSOR_DEFINITIONS = (
					"$(inherited)",
					"DEBUG=1",
				);
				GCC_WARN_64_TO_32_BIT_CONVERSION = YES;
				GCC_WARN_ABOUT_RETURN_TYPE = YES_ERROR;
				GCC_WARN_UNDECLARED_SELECTOR = YES;
				GCC_WARN_UNINITIALIZED_AUTOS = YES_AGGRESSIVE;
				GCC_WARN_UNUSED_FUNCTION = YES;
				GCC_WARN_UNUSED_VARIABLE = YES;
				MACOSX_DEPLOYMENT_TARGET = 14.0;
				MTL_ENABLE_DEBUG_INFO = INCLUDE_SOURCE;
				MTL_FAST_MATH = YES;
				ONLY_ACTIVE_ARCH = YES;
				PRODUCT_NAME = "$(TARGET_NAME)";
				SDKROOT = macosx;
				SWIFT_ACTIVE_COMPILATION_CONDITIONS = DEBUG;
				SWIFT_OPTIMIZATION_LEVEL = "-Onone";
				SWIFT_VERSION = 6.0;
			};
			name = Debug;
		};
		D3D76F772BE29B55D31236B5 /* Debug */ = {
			isa = XCBuildConfiguration;
			buildSettings = {
				ASSETCATALOG_COMPILER_APPICON_NAME = AppIcon;
				COMBINE_HIDPI_IMAGES = YES;
				DEVELOPMENT_TEAM = "";
				GENERATE_INFOPLIST_FILE = YES;
				INFOPLIST_KEY_CFBundleDisplayName = Arpoon;
				INFOPLIST_KEY_LSApplicationCategoryType = "public.app-category.productivity";
				INFOPLIST_KEY_LSUIElement = YES;
				INFOPLIST_KEY_NSPrincipalClass = NSApplication;
				LD_RUNPATH_SEARCH_PATHS = (
					"$(inherited)",
					"@executable_path/../Frameworks",
				);
				PRODUCT_BUNDLE_IDENTIFIER = dev.kevingyori.Arpoon;
				PRODUCT_NAME = Arpoon;
				SDKROOT = macosx;
			};
			name = Debug;
		};
/* End XCBuildConfiguration section */

/* Begin XCConfigurationList section */
		9F80E264FA9BF3FBE6CAFC40 /* Build configuration list for PBXNativeTarget "Arpoon" */ = {
			isa = XCConfigurationList;
			buildConfigurations = (
				D3D76F772BE29B55D31236B5 /* Debug */,
				644E0DFE5DA4338E8422B079 /* Release */,
			);
			defaultConfigurationIsVisible = 0;
			defaultConfigurationName = Debug;
		};
		C658E9850D5F3D0C5D4625AF /* Build configuration list for PBXNativeTarget "ArpoonTests" */ = {
			isa = XCConfigurationList;
			buildConfigurations = (
				1AB68ACA69BD39148BA1CE9C /* Debug */,
				7A240B03181114E7A12315A5 /* Release */,
			);
			defaultConfigurationIsVisible = 0;
			defaultConfigurationName = Debug;
		};
		E8B7F7625C1F733C63173F4C /* Build configuration list for PBXProject "Arpoon" */ = {
			isa = XCConfigurationList;
			buildConfigurations = (
				BFD968B9E98541DAD95796B4 /* Debug */,
				0A3163F35768B18018FA3D5C /* Release */,
			);
			defaultConfigurationIsVisible = 0;
			defaultConfigurationName = Debug;
		};
/* End XCConfigurationList section */
	};
	rootObject = E8149C74C1C476487051AEFE /* Project object */;
}
