// !$*UTF8*$!
{
	archiveVersion = 1;
	classes = {
	};
	objectVersion = 77;
	objects = {

/* Begin PBXBuildFile section */
		0FA78B46FCBA8010623C2BB0 /* HUDView.swift in Sources */ = {isa = PBXBuildFile; fileRef = 818796C58BA40236C38CFC9E /* HUDView.swift */; };
		12072DD6DD441B7615AC45C9 /* StatusItemController.swift in Sources */ = {isa = PBXBuildFile; fileRef = 134BD48229C6055157476750 /* StatusItemController.swift */; };
		1AE0BE11164000AF7B718B60 /* GlobalHotKeyCenter.swift in Sources */ = {isa = PBXBuildFile; fileRef = 684F7D8FAEB29282FB250F0B /* GlobalHotKeyCenter.swift */; };
		2439CE24A874BC15D656E04C /* SearchIndexService.swift in Sources */ = {isa = PBXBuildFile; fileRef = 49C42F3A87879C7B2C557921 /* SearchIndexService.swift */; };
		2962FA2A81135AFBB1830C93 /* AppDelegate.swift in Sources */ = {isa = PBXBuildFile; fileRef = 6982A99B5C0638A3BD3215EE /* AppDelegate.swift */; };
		2CDA89D8876279875ADB5FCF /* JSONAssignmentStore.swift in Sources */ = {isa = PBXBuildFile; fileRef = 09F02621B61A614BE049CFBA /* JSONAssignmentStore.swift */; };
		33F44F859DF01733ABF8F905 /* HotkeyModels.swift in Sources */ = {isa = PBXBuildFile; fileRef = 8C6D05723135C82AB0B5A059 /* HotkeyModels.swift */; };
		34BC4D5CAF6D2F6A48474A9C /* HotkeyController.swift in Sources */ = {isa = PBXBuildFile; fileRef = 180B7586D9B21D5C577F24D7 /* HotkeyController.swift */; };
		3AD55E93A4293696CE0A5FA9 /* TargetLabelPolicy.swift in Sources */ = {isa = PBXBuildFile; fileRef = 5C5625DC981925AA4C6C0AF8 /* TargetLabelPolicy.swift */; };
		43C5D11B4389331C3BE60508 /* AppHarpoonApp.swift in Sources */ = {isa = PBXBuildFile; fileRef = E988212272FC66A2ED019DD6 /* AppHarpoonApp.swift */; };
		4477D7CAAFAB2E5B361FB532 /* MenuBarView.swift in Sources */ = {isa = PBXBuildFile; fileRef = 6ABA3FA59CBF259DA86E3B23 /* MenuBarView.swift */; };
		526DDFAA657E4BC08B63B25E /* LiveWindow.swift in Sources */ = {isa = PBXBuildFile; fileRef = B162A420979630491A7B6730 /* LiveWindow.swift */; };
		5E799F2042E3FBD4B4BEC077 /* TargetCaptureService.swift in Sources */ = {isa = PBXBuildFile; fileRef = 78EAE23CD07C0BF0DC76F563 /* TargetCaptureService.swift */; };
		6174A6EB20482E6244DF5F99 /* SearchPaletteView.swift in Sources */ = {isa = PBXBuildFile; fileRef = 0CB5F800416CEABE95407BBD /* SearchPaletteView.swift */; };
		6B1344ACB9AD2CC825C70B3B /* AppIconView.swift in Sources */ = {isa = PBXBuildFile; fileRef = A1E818FF120D264B2649773B /* AppIconView.swift */; };
		862556FA5CE7B8198B9A5528 /* AppModel.swift in Sources */ = {isa = PBXBuildFile; fileRef = 10AE08159C17F0346F207819 /* AppModel.swift */; };
		8BBEA98CA489172C7999317F /* AssignmentStore.swift in Sources */ = {isa = PBXBuildFile; fileRef = 7EC2D19681CEA70DBEE6F2CF /* AssignmentStore.swift */; };
		8EB579CA34256B6392098BD2 /* FocusService.swift in Sources */ = {isa = PBXBuildFile; fileRef = 6A3FC17ECA911AF17E25FEBF /* FocusService.swift */; };
		8FE8D396D3924E041EC48551 /* AccessibilityWindowProvider.swift in Sources */ = {isa = PBXBuildFile; fileRef = 745B422E758C166EEB96015F /* AccessibilityWindowProvider.swift */; };
		935683E38F359745BB4E3CCB /* Target.swift in Sources */ = {isa = PBXBuildFile; fileRef = FFCB9F364936E535628500D7 /* Target.swift */; };
		98F07217112C1898AAC7E112 /* SettingsStore.swift in Sources */ = {isa = PBXBuildFile; fileRef = 66CBA9858A8C2ED977CAFE6E /* SettingsStore.swift */; };
		99E004C8D6D4E89567321D08 /* HUDModel.swift in Sources */ = {isa = PBXBuildFile; fileRef = E42BE700644FE3F1CA760E31 /* HUDModel.swift */; };
		9C7FAE19FDD3C9278BDC7921 /* SlotStore.swift in Sources */ = {isa = PBXBuildFile; fileRef = BAF5C17A6C1F8EEE581074F4 /* SlotStore.swift */; };
		A140040806F438B5F3E95B07 /* SearchViewModel.swift in Sources */ = {isa = PBXBuildFile; fileRef = 48E4BA985902DB5E62F781F4 /* SearchViewModel.swift */; };
		A3941DC840468481F10AFDBB /* AccessibilityPermissionService.swift in Sources */ = {isa = PBXBuildFile; fileRef = F3AAD4F956E6293896A6304B /* AccessibilityPermissionService.swift */; };
		AB764290EE5552A953528CEC /* LiveApp.swift in Sources */ = {isa = PBXBuildFile; fileRef = A14B3ED029BDAA4083184C27 /* LiveApp.swift */; };
		AB9A5A0741ADB592720F547D /* SearchItem.swift in Sources */ = {isa = PBXBuildFile; fileRef = 60881A1449474A7AB19264C0 /* SearchItem.swift */; };
		C64A71F2600A29929CDCCD1E /* HUDWindowController.swift in Sources */ = {isa = PBXBuildFile; fileRef = 245B356DD0E2A12F9E0BD03F /* HUDWindowController.swift */; };
		CC28A1C42DB0C69278BC935A /* TitleMatchPolicy.swift in Sources */ = {isa = PBXBuildFile; fileRef = 63AB8D6F74073161E2CB5DF7 /* TitleMatchPolicy.swift */; };
		D01895B03299C3890CFB1783 /* RunningAppProvider.swift in Sources */ = {isa = PBXBuildFile; fileRef = 059A40B27DBCD609F79A5C68 /* RunningAppProvider.swift */; };
		D16CC13983BB075F467F9B82 /* TargetResolutionService.swift in Sources */ = {isa = PBXBuildFile; fileRef = BFBC0ADB67CB6CD12BC3B77A /* TargetResolutionService.swift */; };
		D19DD7CBFD32759EA5A37B23 /* SettingsView.swift in Sources */ = {isa = PBXBuildFile; fileRef = 97CEF000E6A1C7C6277939F8 /* SettingsView.swift */; };
		D558A2074869A9E7FE7EEFDE /* MacOSFocusController.swift in Sources */ = {isa = PBXBuildFile; fileRef = D9C25FDE60B82A7405D2B4B9 /* MacOSFocusController.swift */; };
		D7560436A22067F59B2D6B3B /* SlotAssignment.swift in Sources */ = {isa = PBXBuildFile; fileRef = 3283F8A7765DE6D7A1BC12A5 /* SlotAssignment.swift */; };
		DA22DF8367C172F4597464AA /* SearchPaletteController.swift in Sources */ = {isa = PBXBuildFile; fileRef = B9A84CD1292E7858E55AA1C4 /* SearchPaletteController.swift */; };
		FAAFDDAD987B31E8DEDF5BCC /* ControlPanelWindowController.swift in Sources */ = {isa = PBXBuildFile; fileRef = B74443723A9D0176211987DC /* ControlPanelWindowController.swift */; };
/* End PBXBuildFile section */

/* Begin PBXFileReference section */
		059A40B27DBCD609F79A5C68 /* RunningAppProvider.swift */ = {isa = PBXFileReference; lastKnownFileType = sourcecode.swift; path = RunningAppProvider.swift; sourceTree = "<group>"; };
		09F02621B61A614BE049CFBA /* JSONAssignmentStore.swift */ = {isa = PBXFileReference; lastKnownFileType = sourcecode.swift; path = JSONAssignmentStore.swift; sourceTree = "<group>"; };
		0CB5F800416CEABE95407BBD /* SearchPaletteView.swift */ = {isa = PBXFileReference; lastKnownFileType = sourcecode.swift; path = SearchPaletteView.swift; sourceTree = "<group>"; };
		10AE08159C17F0346F207819 /* AppModel.swift */ = {isa = PBXFileReference; lastKnownFileType = sourcecode.swift; path = AppModel.swift; sourceTree = "<group>"; };
		134BD48229C6055157476750 /* StatusItemController.swift */ = {isa = PBXFileReference; lastKnownFileType = sourcecode.swift; path = StatusItemController.swift; sourceTree = "<group>"; };
		180B7586D9B21D5C577F24D7 /* HotkeyController.swift */ = {isa = PBXFileReference; lastKnownFileType = sourcecode.swift; path = HotkeyController.swift; sourceTree = "<group>"; };
		245B356DD0E2A12F9E0BD03F /* HUDWindowController.swift */ = {isa = PBXFileReference; lastKnownFileType = sourcecode.swift; path = HUDWindowController.swift; sourceTree = "<group>"; };
		3283F8A7765DE6D7A1BC12A5 /* SlotAssignment.swift */ = {isa = PBXFileReference; lastKnownFileType = sourcecode.swift; path = SlotAssignment.swift; sourceTree = "<group>"; };
		48E4BA985902DB5E62F781F4 /* SearchViewModel.swift */ = {isa = PBXFileReference; lastKnownFileType = sourcecode.swift; path = SearchViewModel.swift; sourceTree = "<group>"; };
		49C42F3A87879C7B2C557921 /* SearchIndexService.swift */ = {isa = PBXFileReference; lastKnownFileType = sourcecode.swift; path = SearchIndexService.swift; sourceTree = "<group>"; };
		5C5625DC981925AA4C6C0AF8 /* TargetLabelPolicy.swift */ = {isa = PBXFileReference; lastKnownFileType = sourcecode.swift; path = TargetLabelPolicy.swift; sourceTree = "<group>"; };
		60881A1449474A7AB19264C0 /* SearchItem.swift */ = {isa = PBXFileReference; lastKnownFileType = sourcecode.swift; path = SearchItem.swift; sourceTree = "<group>"; };
		63AB8D6F74073161E2CB5DF7 /* TitleMatchPolicy.swift */ = {isa = PBXFileReference; lastKnownFileType = sourcecode.swift; path = TitleMatchPolicy.swift; sourceTree = "<group>"; };
		66CBA9858A8C2ED977CAFE6E /* SettingsStore.swift */ = {isa = PBXFileReference; lastKnownFileType = sourcecode.swift; path = SettingsStore.swift; sourceTree = "<group>"; };
		684F7D8FAEB29282FB250F0B /* GlobalHotKeyCenter.swift */ = {isa = PBXFileReference; lastKnownFileType = sourcecode.swift; path = GlobalHotKeyCenter.swift; sourceTree = "<group>"; };
		6982A99B5C0638A3BD3215EE /* AppDelegate.swift */ = {isa = PBXFileReference; lastKnownFileType = sourcecode.swift; path = AppDelegate.swift; sourceTree = "<group>"; };
		6A3FC17ECA911AF17E25FEBF /* FocusService.swift */ = {isa = PBXFileReference; lastKnownFileType = sourcecode.swift; path = FocusService.swift; sourceTree = "<group>"; };
		6ABA3FA59CBF259DA86E3B23 /* MenuBarView.swift */ = {isa = PBXFileReference; lastKnownFileType = sourcecode.swift; path = MenuBarView.swift; sourceTree = "<group>"; };
		745B422E758C166EEB96015F /* AccessibilityWindowProvider.swift */ = {isa = PBXFileReference; lastKnownFileType = sourcecode.swift; path = AccessibilityWindowProvider.swift; sourceTree = "<group>"; };
		78EAE23CD07C0BF0DC76F563 /* TargetCaptureService.swift */ = {isa = PBXFileReference; lastKnownFileType = sourcecode.swift; path = TargetCaptureService.swift; sourceTree = "<group>"; };
		7EC2D19681CEA70DBEE6F2CF /* AssignmentStore.swift */ = {isa = PBXFileReference; lastKnownFileType = sourcecode.swift; path = AssignmentStore.swift; sourceTree = "<group>"; };
		818796C58BA40236C38CFC9E /* HUDView.swift */ = {isa = PBXFileReference; lastKnownFileType = sourcecode.swift; path = HUDView.swift; sourceTree = "<group>"; };
		8C6D05723135C82AB0B5A059 /* HotkeyModels.swift */ = {isa = PBXFileReference; lastKnownFileType = sourcecode.swift; path = HotkeyModels.swift; sourceTree = "<group>"; };
		97CEF000E6A1C7C6277939F8 /* SettingsView.swift */ = {isa = PBXFileReference; lastKnownFileType = sourcecode.swift; path = SettingsView.swift; sourceTree = "<group>"; };
		A14B3ED029BDAA4083184C27 /* LiveApp.swift */ = {isa = PBXFileReference; lastKnownFileType = sourcecode.swift; path = LiveApp.swift; sourceTree = "<group>"; };
		A1E818FF120D264B2649773B /* AppIconView.swift */ = {isa = PBXFileReference; lastKnownFileType = sourcecode.swift; path = AppIconView.swift; sourceTree = "<group>"; };
		B162A420979630491A7B6730 /* LiveWindow.swift */ = {isa = PBXFileReference; lastKnownFileType = sourcecode.swift; path = LiveWindow.swift; sourceTree = "<group>"; };
		B74443723A9D0176211987DC /* ControlPanelWindowController.swift */ = {isa = PBXFileReference; lastKnownFileType = sourcecode.swift; path = ControlPanelWindowController.swift; sourceTree = "<group>"; };
		B9A84CD1292E7858E55AA1C4 /* SearchPaletteController.swift */ = {isa = PBXFileReference; lastKnownFileType = sourcecode.swift; path = SearchPaletteController.swift; sourceTree = "<group>"; };
		BAF5C17A6C1F8EEE581074F4 /* SlotStore.swift */ = {isa = PBXFileReference; lastKnownFileType = sourcecode.swift; path = SlotStore.swift; sourceTree = "<group>"; };
		BFBC0ADB67CB6CD12BC3B77A /* TargetResolutionService.swift */ = {isa = PBXFileReference; lastKnownFileType = sourcecode.swift; path = TargetResolutionService.swift; sourceTree = "<group>"; };
		D7EED8F6685C9E43EFFD9624 /* AppHarpoon.app */ = {isa = PBXFileReference; explicitFileType = wrapper.application; includeInIndex = 0; path = AppHarpoon.app; sourceTree = BUILT_PRODUCTS_DIR; };
		D9C25FDE60B82A7405D2B4B9 /* MacOSFocusController.swift */ = {isa = PBXFileReference; lastKnownFileType = sourcecode.swift; path = MacOSFocusController.swift; sourceTree = "<group>"; };
		E42BE700644FE3F1CA760E31 /* HUDModel.swift */ = {isa = PBXFileReference; lastKnownFileType = sourcecode.swift; path = HUDModel.swift; sourceTree = "<group>"; };
		E988212272FC66A2ED019DD6 /* AppHarpoonApp.swift */ = {isa = PBXFileReference; lastKnownFileType = sourcecode.swift; path = AppHarpoonApp.swift; sourceTree = "<group>"; };
		F3AAD4F956E6293896A6304B /* AccessibilityPermissionService.swift */ = {isa = PBXFileReference; lastKnownFileType = sourcecode.swift; path = AccessibilityPermissionService.swift; sourceTree = "<group>"; };
		FFCB9F364936E535628500D7 /* Target.swift */ = {isa = PBXFileReference; lastKnownFileType = sourcecode.swift; path = Target.swift; sourceTree = "<group>"; };
/* End PBXFileReference section */

/* Begin PBXGroup section */
		064FC72B06FA154F95646977 /* Infra */ = {
			isa = PBXGroup;
			children = (
				E798C0E0FD3325FCFEE9DE6E /* MacOS */,
				D15FD7E6D7829CA93EA59458 /* Persistence */,
			);
			path = Infra;
			sourceTree = "<group>";
		};
		0CA94219A0B817FF1376018C /* UI */ = {
			isa = PBXGroup;
			children = (
				CA38C1561ABE3B9E7B434445 /* Hotkeys */,
				C1BC1A71F4475C3119862281 /* HUD */,
				E4D377718367BE60AAE40F5D /* Search */,
				65082539BCAF205BF7722B7E /* Settings */,
				1453ADA884424ACC2C77CC3C /* Shared */,
			);
			path = UI;
			sourceTree = "<group>";
		};
		1453ADA884424ACC2C77CC3C /* Shared */ = {
			isa = PBXGroup;
			children = (
				A1E818FF120D264B2649773B /* AppIconView.swift */,
				B74443723A9D0176211987DC /* ControlPanelWindowController.swift */,
				6ABA3FA59CBF259DA86E3B23 /* MenuBarView.swift */,
				134BD48229C6055157476750 /* StatusItemController.swift */,
			);
			path = Shared;
			sourceTree = "<group>";
		};
		2856CA64DC1F106237D85643 /* Domain */ = {
			isa = PBXGroup;
			children = (
				DCD48362B1B4706BA622170B /* Models */,
				B3A14164E18E806A19CEE561 /* Policies */,
				29B468612EC615D4AD7B9DE0 /* Services */,
			);
			path = Domain;
			sourceTree = "<group>";
		};
		29B468612EC615D4AD7B9DE0 /* Services */ = {
			isa = PBXGroup;
			children = (
				7EC2D19681CEA70DBEE6F2CF /* AssignmentStore.swift */,
				6A3FC17ECA911AF17E25FEBF /* FocusService.swift */,
				49C42F3A87879C7B2C557921 /* SearchIndexService.swift */,
				BAF5C17A6C1F8EEE581074F4 /* SlotStore.swift */,
				78EAE23CD07C0BF0DC76F563 /* TargetCaptureService.swift */,
				BFBC0ADB67CB6CD12BC3B77A /* TargetResolutionService.swift */,
			);
			path = Services;
			sourceTree = "<group>";
		};
		3A3AA538627E461B56209E2F /* AppHarpoon */ = {
			isa = PBXGroup;
			children = (
				AF4A85C69DFC0F6EA7459CDE /* App */,
				2856CA64DC1F106237D85643 /* Domain */,
				064FC72B06FA154F95646977 /* Infra */,
				0CA94219A0B817FF1376018C /* UI */,
			);
			path = AppHarpoon;
			sourceTree = "<group>";
		};
		65082539BCAF205BF7722B7E /* Settings */ = {
			isa = PBXGroup;
			children = (
				66CBA9858A8C2ED977CAFE6E /* SettingsStore.swift */,
				97CEF000E6A1C7C6277939F8 /* SettingsView.swift */,
			);
			path = Settings;
			sourceTree = "<group>";
		};
		68D128929B3104D2BCB1B366 = {
			isa = PBXGroup;
			children = (
				3A3AA538627E461B56209E2F /* AppHarpoon */,
				7C72AC93E6C067A3A767A55B /* Products */,
			);
			sourceTree = "<group>";
		};
		7C72AC93E6C067A3A767A55B /* Products */ = {
			isa = PBXGroup;
			children = (
				D7EED8F6685C9E43EFFD9624 /* AppHarpoon.app */,
			);
			name = Products;
			sourceTree = "<group>";
		};
		AF4A85C69DFC0F6EA7459CDE /* App */ = {
			isa = PBXGroup;
			children = (
				6982A99B5C0638A3BD3215EE /* AppDelegate.swift */,
				E988212272FC66A2ED019DD6 /* AppHarpoonApp.swift */,
				10AE08159C17F0346F207819 /* AppModel.swift */,
			);
			path = App;
			sourceTree = "<group>";
		};
		B3A14164E18E806A19CEE561 /* Policies */ = {
			isa = PBXGroup;
			children = (
				5C5625DC981925AA4C6C0AF8 /* TargetLabelPolicy.swift */,
				63AB8D6F74073161E2CB5DF7 /* TitleMatchPolicy.swift */,
			);
			path = Policies;
			sourceTree = "<group>";
		};
		C1BC1A71F4475C3119862281 /* HUD */ = {
			isa = PBXGroup;
			children = (
				E42BE700644FE3F1CA760E31 /* HUDModel.swift */,
				818796C58BA40236C38CFC9E /* HUDView.swift */,
				245B356DD0E2A12F9E0BD03F /* HUDWindowController.swift */,
			);
			path = HUD;
			sourceTree = "<group>";
		};
		CA38C1561ABE3B9E7B434445 /* Hotkeys */ = {
			isa = PBXGroup;
			children = (
				684F7D8FAEB29282FB250F0B /* GlobalHotKeyCenter.swift */,
				180B7586D9B21D5C577F24D7 /* HotkeyController.swift */,
				8C6D05723135C82AB0B5A059 /* HotkeyModels.swift */,
			);
			path = Hotkeys;
			sourceTree = "<group>";
		};
		D15FD7E6D7829CA93EA59458 /* Persistence */ = {
			isa = PBXGroup;
			children = (
				09F02621B61A614BE049CFBA /* JSONAssignmentStore.swift */,
			);
			path = Persistence;
			sourceTree = "<group>";
		};
		DCD48362B1B4706BA622170B /* Models */ = {
			isa = PBXGroup;
			children = (
				A14B3ED029BDAA4083184C27 /* LiveApp.swift */,
				B162A420979630491A7B6730 /* LiveWindow.swift */,
				60881A1449474A7AB19264C0 /* SearchItem.swift */,
				3283F8A7765DE6D7A1BC12A5 /* SlotAssignment.swift */,
				FFCB9F364936E535628500D7 /* Target.swift */,
			);
			path = Models;
			sourceTree = "<group>";
		};
		E4D377718367BE60AAE40F5D /* Search */ = {
			isa = PBXGroup;
			children = (
				B9A84CD1292E7858E55AA1C4 /* SearchPaletteController.swift */,
				0CB5F800416CEABE95407BBD /* SearchPaletteView.swift */,
				48E4BA985902DB5E62F781F4 /* SearchViewModel.swift */,
			);
			path = Search;
			sourceTree = "<group>";
		};
		E798C0E0FD3325FCFEE9DE6E /* MacOS */ = {
			isa = PBXGroup;
			children = (
				F3AAD4F956E6293896A6304B /* AccessibilityPermissionService.swift */,
				745B422E758C166EEB96015F /* AccessibilityWindowProvider.swift */,
				D9C25FDE60B82A7405D2B4B9 /* MacOSFocusController.swift */,
				059A40B27DBCD609F79A5C68 /* RunningAppProvider.swift */,
			);
			path = MacOS;
			sourceTree = "<group>";
		};
/* End PBXGroup section */

/* Begin PBXNativeTarget section */
		448125E1E2F77C5827D9BFFB /* AppHarpoon */ = {
			isa = PBXNativeTarget;
			buildConfigurationList = 3A10284C55623394242CD4A8 /* Build configuration list for PBXNativeTarget "AppHarpoon" */;
			buildPhases = (
				C0EC570F4AC57DF03637C675 /* Sources */,
			);
			buildRules = (
			);
			dependencies = (
			);
			name = AppHarpoon;
			packageProductDependencies = (
			);
			productName = AppHarpoon;
			productReference = D7EED8F6685C9E43EFFD9624 /* AppHarpoon.app */;
			productType = "com.apple.product-type.application";
		};
/* End PBXNativeTarget section */

/* Begin PBXProject section */
		AF9ABE9B63AAE20325BC7FB5 /* Project object */ = {
			isa = PBXProject;
			attributes = {
				BuildIndependentTargetsInParallel = YES;
				LastUpgradeCheck = 1430;
				TargetAttributes = {
					448125E1E2F77C5827D9BFFB = {
						DevelopmentTeam = "";
					};
				};
			};
			buildConfigurationList = A89BFCC955E032638F251F1E /* Build configuration list for PBXProject "AppHarpoon" */;
			compatibilityVersion = "Xcode 14.0";
			developmentRegion = en;
			hasScannedForEncodings = 0;
			knownRegions = (
				Base,
				en,
			);
			mainGroup = 68D128929B3104D2BCB1B366;
			minimizedProjectReferenceProxies = 1;
			preferredProjectObjectVersion = 77;
			projectDirPath = "";
			projectRoot = "";
			targets = (
				448125E1E2F77C5827D9BFFB /* AppHarpoon */,
			);
		};
/* End PBXProject section */

/* Begin PBXSourcesBuildPhase section */
		C0EC570F4AC57DF03637C675 /* Sources */ = {
			isa = PBXSourcesBuildPhase;
			buildActionMask = 2147483647;
			files = (
				A3941DC840468481F10AFDBB /* AccessibilityPermissionService.swift in Sources */,
				8FE8D396D3924E041EC48551 /* AccessibilityWindowProvider.swift in Sources */,
				2962FA2A81135AFBB1830C93 /* AppDelegate.swift in Sources */,
				43C5D11B4389331C3BE60508 /* AppHarpoonApp.swift in Sources */,
				6B1344ACB9AD2CC825C70B3B /* AppIconView.swift in Sources */,
				862556FA5CE7B8198B9A5528 /* AppModel.swift in Sources */,
				8BBEA98CA489172C7999317F /* AssignmentStore.swift in Sources */,
				FAAFDDAD987B31E8DEDF5BCC /* ControlPanelWindowController.swift in Sources */,
				8EB579CA34256B6392098BD2 /* FocusService.swift in Sources */,
				1AE0BE11164000AF7B718B60 /* GlobalHotKeyCenter.swift in Sources */,
				99E004C8D6D4E89567321D08 /* HUDModel.swift in Sources */,
				0FA78B46FCBA8010623C2BB0 /* HUDView.swift in Sources */,
				C64A71F2600A29929CDCCD1E /* HUDWindowController.swift in Sources */,
				34BC4D5CAF6D2F6A48474A9C /* HotkeyController.swift in Sources */,
				33F44F859DF01733ABF8F905 /* HotkeyModels.swift in Sources */,
				2CDA89D8876279875ADB5FCF /* JSONAssignmentStore.swift in Sources */,
				AB764290EE5552A953528CEC /* LiveApp.swift in Sources */,
				526DDFAA657E4BC08B63B25E /* LiveWindow.swift in Sources */,
				D558A2074869A9E7FE7EEFDE /* MacOSFocusController.swift in Sources */,
				4477D7CAAFAB2E5B361FB532 /* MenuBarView.swift in Sources */,
				D01895B03299C3890CFB1783 /* RunningAppProvider.swift in Sources */,
				2439CE24A874BC15D656E04C /* SearchIndexService.swift in Sources */,
				AB9A5A0741ADB592720F547D /* SearchItem.swift in Sources */,
				DA22DF8367C172F4597464AA /* SearchPaletteController.swift in Sources */,
				6174A6EB20482E6244DF5F99 /* SearchPaletteView.swift in Sources */,
				A140040806F438B5F3E95B07 /* SearchViewModel.swift in Sources */,
				98F07217112C1898AAC7E112 /* SettingsStore.swift in Sources */,
				D19DD7CBFD32759EA5A37B23 /* SettingsView.swift in Sources */,
				D7560436A22067F59B2D6B3B /* SlotAssignment.swift in Sources */,
				9C7FAE19FDD3C9278BDC7921 /* SlotStore.swift in Sources */,
				12072DD6DD441B7615AC45C9 /* StatusItemController.swift in Sources */,
				935683E38F359745BB4E3CCB /* Target.swift in Sources */,
				5E799F2042E3FBD4B4BEC077 /* TargetCaptureService.swift in Sources */,
				3AD55E93A4293696CE0A5FA9 /* TargetLabelPolicy.swift in Sources */,
				D16CC13983BB075F467F9B82 /* TargetResolutionService.swift in Sources */,
				CC28A1C42DB0C69278BC935A /* TitleMatchPolicy.swift in Sources */,
			);
			runOnlyForDeploymentPostprocessing = 0;
		};
/* End PBXSourcesBuildPhase section */

/* Begin XCBuildConfiguration section */
		48041C2ACE1403122AF6BB2C /* Debug */ = {
			isa = XCBuildConfiguration;
			buildSettings = {
				ASSETCATALOG_COMPILER_APPICON_NAME = AppIcon;
				COMBINE_HIDPI_IMAGES = YES;
				DEVELOPMENT_TEAM = "";
				GENERATE_INFOPLIST_FILE = YES;
				INFOPLIST_KEY_CFBundleDisplayName = AppHarpoon;
				INFOPLIST_KEY_LSApplicationCategoryType = "public.app-category.productivity";
				INFOPLIST_KEY_LSUIElement = YES;
				INFOPLIST_KEY_NSPrincipalClass = NSApplication;
				LD_RUNPATH_SEARCH_PATHS = (
					"$(inherited)",
					"@executable_path/../Frameworks",
				);
				PRODUCT_BUNDLE_IDENTIFIER = dev.kevingyori.AppHarpoon;
				PRODUCT_NAME = AppHarpoon;
				SDKROOT = macosx;
			};
			name = Debug;
		};
		C572C2FE3F92A598B7B60304 /* Debug */ = {
			isa = XCBuildConfiguration;
			buildSettings = {
				ALWAYS_SEARCH_USER_PATHS = NO;
				CLANG_ANALYZER_NONNULL = YES;
				CLANG_ANALYZER_NUMBER_OBJECT_CONVERSION = YES_AGGRESSIVE;
				CLANG_CXX_LANGUAGE_STANDARD = "gnu++14";
				CLANG_CXX_LIBRARY = "libc++";
				CLANG_ENABLE_MODULES = YES;
				CLANG_ENABLE_OBJC_ARC = YES;
				CLANG_ENABLE_OBJC_WEAK = YES;
				CLANG_WARN_BLOCK_CAPTURE_AUTORELEASING = YES;
				CLANG_WARN_BOOL_CONVERSION = YES;
				CLANG_WARN_COMMA = YES;
				CLANG_WARN_CONSTANT_CONVERSION = YES;
				CLANG_WARN_DEPRECATED_OBJC_IMPLEMENTATIONS = YES;
				CLANG_WARN_DIRECT_OBJC_ISA_USAGE = YES_ERROR;
				CLANG_WARN_DOCUMENTATION_COMMENTS = YES;
				CLANG_WARN_EMPTY_BODY = YES;
				CLANG_WARN_ENUM_CONVERSION = YES;
				CLANG_WARN_INFINITE_RECURSION = YES;
				CLANG_WARN_INT_CONVERSION = YES;
				CLANG_WARN_NON_LITERAL_NULL_CONVERSION = YES;
				CLANG_WARN_OBJC_IMPLICIT_RETAIN_SELF = YES;
				CLANG_WARN_OBJC_LITERAL_CONVERSION = YES;
				CLANG_WARN_OBJC_ROOT_CLASS = YES_ERROR;
				CLANG_WARN_QUOTED_INCLUDE_IN_FRAMEWORK_HEADER = YES;
				CLANG_WARN_RANGE_LOOP_ANALYSIS = YES;
				CLANG_WARN_STRICT_PROTOTYPES = YES;
				CLANG_WARN_SUSPICIOUS_MOVE = YES;
				CLANG_WARN_UNGUARDED_AVAILABILITY = YES_AGGRESSIVE;
				CLANG_WARN_UNREACHABLE_CODE = YES;
				CLANG_WARN__DUPLICATE_METHOD_MATCH = YES;
				COPY_PHASE_STRIP = NO;
				DEBUG_INFORMATION_FORMAT = dwarf;
				ENABLE_STRICT_OBJC_MSGSEND = YES;
				ENABLE_TESTABILITY = YES;
				GCC_C_LANGUAGE_STANDARD = gnu11;
				GCC_DYNAMIC_NO_PIC = NO;
				GCC_NO_COMMON_BLOCKS = YES;
				GCC_OPTIMIZATION_LEVEL = 0;
				GCC_PREPROCESSOR_DEFINITIONS = (
					"$(inherited)",
					"DEBUG=1",
				);
				GCC_WARN_64_TO_32_BIT_CONVERSION = YES;
				GCC_WARN_ABOUT_RETURN_TYPE = YES_ERROR;
				GCC_WARN_UNDECLARED_SELECTOR = YES;
				GCC_WARN_UNINITIALIZED_AUTOS = YES_AGGRESSIVE;
				GCC_WARN_UNUSED_FUNCTION = YES;
				GCC_WARN_UNUSED_VARIABLE = YES;
				MACOSX_DEPLOYMENT_TARGET = 14.0;
				MTL_ENABLE_DEBUG_INFO = INCLUDE_SOURCE;
				MTL_FAST_MATH = YES;
				ONLY_ACTIVE_ARCH = YES;
				PRODUCT_NAME = "$(TARGET_NAME)";
				SDKROOT = macosx;
				SWIFT_ACTIVE_COMPILATION_CONDITIONS = DEBUG;
				SWIFT_OPTIMIZATION_LEVEL = "-Onone";
				SWIFT_VERSION = 6.0;
			};
			name = Debug;
		};
		CF4750052B005D40ABF18F65 /* Release */ = {
			isa = XCBuildConfiguration;
			buildSettings = {
				ALWAYS_SEARCH_USER_PATHS = NO;
				CLANG_ANALYZER_NONNULL = YES;
				CLANG_ANALYZER_NUMBER_OBJECT_CONVERSION = YES_AGGRESSIVE;
				CLANG_CXX_LANGUAGE_STANDARD = "gnu++14";
				CLANG_CXX_LIBRARY = "libc++";
				CLANG_ENABLE_MODULES = YES;
				CLANG_ENABLE_OBJC_ARC = YES;
				CLANG_ENABLE_OBJC_WEAK = YES;
				CLANG_WARN_BLOCK_CAPTURE_AUTORELEASING = YES;
				CLANG_WARN_BOOL_CONVERSION = YES;
				CLANG_WARN_COMMA = YES;
				CLANG_WARN_CONSTANT_CONVERSION = YES;
				CLANG_WARN_DEPRECATED_OBJC_IMPLEMENTATIONS = YES;
				CLANG_WARN_DIRECT_OBJC_ISA_USAGE = YES_ERROR;
				CLANG_WARN_DOCUMENTATION_COMMENTS = YES;
				CLANG_WARN_EMPTY_BODY = YES;
				CLANG_WARN_ENUM_CONVERSION = YES;
				CLANG_WARN_INFINITE_RECURSION = YES;
				CLANG_WARN_INT_CONVERSION = YES;
				CLANG_WARN_NON_LITERAL_NULL_CONVERSION = YES;
				CLANG_WARN_OBJC_IMPLICIT_RETAIN_SELF = YES;
				CLANG_WARN_OBJC_LITERAL_CONVERSION = YES;
				CLANG_WARN_OBJC_ROOT_CLASS = YES_ERROR;
				CLANG_WARN_QUOTED_INCLUDE_IN_FRAMEWORK_HEADER = YES;
				CLANG_WARN_RANGE_LOOP_ANALYSIS = YES;
				CLANG_WARN_STRICT_PROTOTYPES = YES;
				CLANG_WARN_SUSPICIOUS_MOVE = YES;
				CLANG_WARN_UNGUARDED_AVAILABILITY = YES_AGGRESSIVE;
				CLANG_WARN_UNREACHABLE_CODE = YES;
				CLANG_WARN__DUPLICATE_METHOD_MATCH = YES;
				COPY_PHASE_STRIP = NO;
				DEBUG_INFORMATION_FORMAT = "dwarf-with-dsym";
				ENABLE_NS_ASSERTIONS = NO;
				ENABLE_STRICT_OBJC_MSGSEND = YES;
				GCC_C_LANGUAGE_STANDARD = gnu11;
				GCC_NO_COMMON_BLOCKS = YES;
				GCC_WARN_64_TO_32_BIT_CONVERSION = YES;
				GCC_WARN_ABOUT_RETURN_TYPE = YES_ERROR;
				GCC_WARN_UNDECLARED_SELECTOR = YES;
				GCC_WARN_UNINITIALIZED_AUTOS = YES_AGGRESSIVE;
				GCC_WARN_UNUSED_FUNCTION = YES;
				GCC_WARN_UNUSED_VARIABLE = YES;
				MACOSX_DEPLOYMENT_TARGET = 14.0;
				MTL_ENABLE_DEBUG_INFO = NO;
				MTL_FAST_MATH = YES;
				PRODUCT_NAME = "$(TARGET_NAME)";
				SDKROOT = macosx;
				SWIFT_COMPILATION_MODE = wholemodule;
				SWIFT_OPTIMIZATION_LEVEL = "-O";
				SWIFT_VERSION = 6.0;
			};
			name = Release;
		};
		F0B2745A790BD39F480D6C51 /* Release */ = {
			isa = XCBuildConfiguration;
			buildSettings = {
				ASSETCATALOG_COMPILER_APPICON_NAME = AppIcon;
				COMBINE_HIDPI_IMAGES = YES;
				DEVELOPMENT_TEAM = "";
				GENERATE_INFOPLIST_FILE = YES;
				INFOPLIST_KEY_CFBundleDisplayName = AppHarpoon;
				INFOPLIST_KEY_LSApplicationCategoryType = "public.app-category.productivity";
				INFOPLIST_KEY_LSUIElement = YES;
				INFOPLIST_KEY_NSPrincipalClass = NSApplication;
				LD_RUNPATH_SEARCH_PATHS = (
					"$(inherited)",
					"@executable_path/../Frameworks",
				);
				PRODUCT_BUNDLE_IDENTIFIER = dev.kevingyori.AppHarpoon;
				PRODUCT_NAME = AppHarpoon;
				SDKROOT = macosx;
			};
			name = Release;
		};
/* End XCBuildConfiguration section */

/* Begin XCConfigurationList section */
		3A10284C55623394242CD4A8 /* Build configuration list for PBXNativeTarget "AppHarpoon" */ = {
			isa = XCConfigurationList;
			buildConfigurations = (
				48041C2ACE1403122AF6BB2C /* Debug */,
				F0B2745A790BD39F480D6C51 /* Release */,
			);
			defaultConfigurationIsVisible = 0;
			defaultConfigurationName = Debug;
		};
		A89BFCC955E032638F251F1E /* Build configuration list for PBXProject "AppHarpoon" */ = {
			isa = XCConfigurationList;
			buildConfigurations = (
				C572C2FE3F92A598B7B60304 /* Debug */,
				CF4750052B005D40ABF18F65 /* Release */,
			);
			defaultConfigurationIsVisible = 0;
			defaultConfigurationName = Debug;
		};
/* End XCConfigurationList section */
	};
	rootObject = AF9ABE9B63AAE20325BC7FB5 /* Project object */;
}
